
Microsoft Visual Studio Solution File, Format Version 12.00
# Visual Studio Version 16
VisualStudioVersion = 16.0.30002.166
MinimumVisualStudioVersion = 10.0.40219.1
Project("{888888A0-9F3D-457C-B088-3A5042F75D52}") = "Python", "Python\Python.pyproj", "{08DEADDC-0DDF-428F-B533-64F8865B0CED}"
EndProject
Project("{8BC9CEB8-8B4A-11D0-8D11-00A0C91BC942}") = "C++", "C++\C++.vcxproj", "{A09F00AF-2A7C-4E84-B935-88BD689EF559}"
EndProject
Global
	GlobalSection(SolutionConfigurationPlatforms) = preSolution
		Debug|Any CPU = Debug|Any CPU
		Debug|x64 = Debug|x64
		Debug|x86 = Debug|x86
		Release|Any CPU = Release|Any CPU
		Release|x64 = Release|x64
		Release|x86 = Release|x86
	EndGlobalSection
	GlobalSection(ProjectConfigurationPlatforms) = postSolution
		{08DEADDC-0DDF-428F-B533-64F8865B0CED}.Debug|Any CPU.ActiveCfg = Debug|Any CPU
		{08DEADDC-0DDF-428F-B533-64F8865B0CED}.Debug|x64.ActiveCfg = Debug|Any CPU
		{08DEADDC-0DDF-428F-B533-64F8865B0CED}.Debug|x86.ActiveCfg = Debug|Any CPU
		{08DEADDC-0DDF-428F-B533-64F8865B0CED}.Release|Any CPU.ActiveCfg = Release|Any CPU
		{08DEADDC-0DDF-428F-B533-64F8865B0CED}.Release|x64.ActiveCfg = Release|Any CPU
		{08DEADDC-0DDF-428F-B533-64F8865B0CED}.Release|x86.ActiveCfg = Release|Any CPU
		{A09F00AF-2A7C-4E84-B935-88BD689EF559}.Debug|Any CPU.ActiveCfg = Debug|Win32
		{A09F00AF-2A7C-4E84-B935-88BD689EF559}.Debug|x64.ActiveCfg = Debug|x64
		{A09F00AF-2A7C-4E84-B935-88BD689EF559}.Debug|x64.Build.0 = Debug|x64
		{A09F00AF-2A7C-4E84-B935-88BD689EF559}.Debug|x86.ActiveCfg = Debug|Win32
		{A09F00AF-2A7C-4E84-B935-88BD689EF559}.Debug|x86.Build.0 = Debug|Win32
		{A09F00AF-2A7C-4E84-B935-88BD689EF559}.Release|Any CPU.ActiveCfg = Release|Win32
		{A09F00AF-2A7C-4E84-B935-88BD689EF559}.Release|x64.ActiveCfg = Release|x64
		{A09F00AF-2A7C-4E84-B935-88BD689EF559}.Release|x64.Build.0 = Release|x64
		{A09F00AF-2A7C-4E84-B935-88BD689EF559}.Release|x86.ActiveCfg = Release|Win32
		{A09F00AF-2A7C-4E84-B935-88BD689EF559}.Release|x86.Build.0 = Release|Win32
	EndGlobalSection
	GlobalSection(SolutionProperties) = preSolution
		HideSolutionNode = FALSE
	EndGlobalSection
	GlobalSection(ExtensibilityGlobals) = postSolution
		SolutionGuid = {CD06A5FD-376C-4D38-B613-5096D9414BD7}
	EndGlobalSection
EndGlobal
